// !$*UTF8*$!
{
	archiveVersion = 1;
	classes = {
	};
	objectVersion = 77;
	objects = {

/* Begin PBXContainerItemProxy section */
		AECBA3E72EACC8FC00F00AB4 /* PBXContainerItemProxy */ = {
			isa = PBXContainerItemProxy;
			containerPortal = AECBA3D12EACC8FA00F00AB4 /* Project object */;
			proxyType = 1;
			remoteGlobalIDString = AECBA3D82EACC8FA00F00AB4;
			remoteInfo = reminiscer;
		};
		AECBA3F12EACC8FC00F00AB4 /* PBXContainerItemProxy */ = {
			isa = PBXContainerItemProxy;
			containerPortal = AECBA3D12EACC8FA00F00AB4 /* Project object */;
			proxyType = 1;
			remoteGlobalIDString = AECBA3D82EACC8FA00F00AB4;
			remoteInfo = reminiscer;
		};
/* End PBXContainerItemProxy section */

/* Begin PBXFileReference section */
		AECBA3D92EACC8FA00F00AB4 /* reminiscer.app */ = {isa = PBXFileReference; explicitFileType = wrapper.application; includeInIndex = 0; path = reminiscer.app; sourceTree = BUILT_PRODUCTS_DIR; };
		AECBA3E62EACC8FC00F00AB4 /* reminiscerTests.xctest */ = {isa = PBXFileReference; explicitFileType = wrapper.cfbundle; includeInIndex = 0; path = reminiscerTests.xctest; sourceTree = BUILT_PRODUCTS_DIR; };
		AECBA3F02EACC8FC00F00AB4 /* reminiscerUITests.xctest */ = {isa = PBXFileReference; explicitFileType = wrapper.cfbundle; includeInIndex = 0; path = reminiscerUITests.xctest; sourceTree = BUILT_PRODUCTS_DIR; };
/* End PBXFileReference section */

/* Begin PBXFileSystemSynchronizedRootGroup section */
		AECBA3DB2EACC8FA00F00AB4 /* reminiscer */ = {
			isa = PBXFileSystemSynchronizedRootGroup;
			path = reminiscer;
			sourceTree = "<group>";
		};
		AECBA3E92EACC8FC00F00AB4 /* reminiscerTests */ = {
			isa = PBXFileSystemSynchronizedRootGroup;
			path = reminiscerTests;
			sourceTree = "<group>";
		};
		AECBA3F32EACC8FC00F00AB4 /* reminiscerUITests */ = {
			isa = PBXFileSystemSynchronizedRootGroup;
			path = reminiscerUITests;
			sourceTree = "<group>";
		};
/* End PBXFileSystemSynchronizedRootGroup section */

/* Begin PBXFrameworksBuildPhase section */
		AECBA3D62EACC8FA00F00AB4 /* Frameworks */ = {
			isa = PBXFrameworksBuildPhase;
			buildActionMask = 2147483647;
			files = (
			);
			runOnlyForDeploymentPostprocessing = 0;
		};
		AECBA3E32EACC8FC00F00AB4 /* Frameworks */ = {
			isa = PBXFrameworksBuildPhase;
			buildActionMask = 2147483647;
			files = (
			);
			runOnlyForDeploymentPostprocessing = 0;
		};
		AECBA3ED2EACC8FC00F00AB4 /* Frameworks */ = {
			isa = PBXFrameworksBuildPhase;
			buildActionMask = 2147483647;
			files = (
			);
			runOnlyForDeploymentPostprocessing = 0;
		};
/* End PBXFrameworksBuildPhase section */

/* Begin PBXGroup section */
		AECBA3D02EACC8FA00F00AB4 = {
			isa = PBXGroup;
			children = (
				AECBA3DB2EACC8FA00F00AB4 /* reminiscer */,
				AECBA3E92EACC8FC00F00AB4 /* reminiscerTests */,
				AECBA3F32EACC8FC00F00AB4 /* reminiscerUITests */,
				AECBA3DA2EACC8FA00F00AB4 /* Products */,
			);
			sourceTree = "<group>";
		};
		AECBA3DA2EACC8FA00F00AB4 /* Products */ = {
			isa = PBXGroup;
			children = (
				AECBA3D92EACC8FA00F00AB4 /* reminiscer.app */,
				AECBA3E62EACC8FC00F00AB4 /* reminiscerTests.xctest */,
				AECBA3F02EACC8FC00F00AB4 /* reminiscerUITests.xctest */,
			);
			name = Products;
			sourceTree = "<group>";
		};
/* End PBXGroup section */

/* Begin PBXNativeTarget section */
		AECBA3D82EACC8FA00F00AB4 /* reminiscer */ = {
			isa = PBXNativeTarget;
			buildConfigurationList = AECBA3FA2EACC8FC00F00AB4 /* Build configuration list for PBXNativeTarget "reminiscer" */;
			buildPhases = (
				AECBA3D52EACC8FA00F00AB4 /* Sources */,
				AECBA3D62EACC8FA00F00AB4 /* Frameworks */,
				AECBA3D72EACC8FA00F00AB4 /* Resources */,
			);
			buildRules = (
			);
			dependencies = (
			);
			fileSystemSynchronizedGroups = (
				AECBA3DB2EACC8FA00F00AB4 /* reminiscer */,
			);
			name = reminiscer;
			packageProductDependencies = (
			);
			productName = reminiscer;
			productReference = AECBA3D92EACC8FA00F00AB4 /* reminiscer.app */;
			productType = "com.apple.product-type.application";
		};
		AECBA3E52EACC8FC00F00AB4 /* reminiscerTests */ = {
			isa = PBXNativeTarget;
			buildConfigurationList = AECBA3FD2EACC8FC00F00AB4 /* Build configuration list for PBXNativeTarget "reminiscerTests" */;
			buildPhases = (
				AECBA3E22EACC8FC00F00AB4 /* Sources */,
				AECBA3E32EACC8FC00F00AB4 /* Frameworks */,
				AECBA3E42EACC8FC00F00AB4 /* Resources */,
			);
			buildRules = (
			);
			dependencies = (
				AECBA3E82EACC8FC00F00AB4 /* PBXTargetDependency */,
			);
			fileSystemSynchronizedGroups = (
				AECBA3E92EACC8FC00F00AB4 /* reminiscerTests */,
			);
			name = reminiscerTests;
			packageProductDependencies = (
			);
			productName = reminiscerTests;
			productReference = AECBA3E62EACC8FC00F00AB4 /* reminiscerTests.xctest */;
			productType = "com.apple.product-type.bundle.unit-test";
		};
		AECBA3EF2EACC8FC00F00AB4 /* reminiscerUITests */ = {
			isa = PBXNativeTarget;
			buildConfigurationList = AECBA4002EACC8FC00F00AB4 /* Build configuration list for PBXNativeTarget "reminiscerUITests" */;
			buildPhases = (
				AECBA3EC2EACC8FC00F00AB4 /* Sources */,
				AECBA3ED2EACC8FC00F00AB4 /* Frameworks */,
				AECBA3EE2EACC8FC00F00AB4 /* Resources */,
			);
			buildRules = (
			);
			dependencies = (
				AECBA3F22EACC8FC00F00AB4 /* PBXTargetDependency */,
			);
			fileSystemSynchronizedGroups = (
				AECBA3F32EACC8FC00F00AB4 /* reminiscerUITests */,
			);
			name = reminiscerUITests;
			packageProductDependencies = (
			);
			productName = reminiscerUITests;
			productReference = AECBA3F02EACC8FC00F00AB4 /* reminiscerUITests.xctest */;
			productType = "com.apple.product-type.bundle.ui-testing";
		};
/* End PBXNativeTarget section */

/* Begin PBXProject section */
		AECBA3D12EACC8FA00F00AB4 /* Project object */ = {
			isa = PBXProject;
			attributes = {
				BuildIndependentTargetsInParallel = 1;
				LastSwiftUpdateCheck = 2600;
				LastUpgradeCheck = 2600;
				TargetAttributes = {
					AECBA3D82EACC8FA00F00AB4 = {
						CreatedOnToolsVersion = 26.0.1;
					};
					AECBA3E52EACC8FC00F00AB4 = {
						CreatedOnToolsVersion = 26.0.1;
						TestTargetID = AECBA3D82EACC8FA00F00AB4;
					};
					AECBA3EF2EACC8FC00F00AB4 = {
						CreatedOnToolsVersion = 26.0.1;
						TestTargetID = AECBA3D82EACC8FA00F00AB4;
					};
				};
			};
			buildConfigurationList = AECBA3D42EACC8FA00F00AB4 /* Build configuration list for PBXProject "reminiscer" */;
			developmentRegion = en;
			hasScannedForEncodings = 0;
			knownRegions = (
				en,
				Base,
			);
			mainGroup = AECBA3D02EACC8FA00F00AB4;
			minimizedProjectReferenceProxies = 1;
			preferredProjectObjectVersion = 77;
			productRefGroup = AECBA3DA2EACC8FA00F00AB4 /* Products */;
			projectDirPath = "";
			projectRoot = "";
			targets = (
				AECBA3D82EACC8FA00F00AB4 /* reminiscer */,
				AECBA3E52EACC8FC00F00AB4 /* reminiscerTests */,
				AECBA3EF2EACC8FC00F00AB4 /* reminiscerUITests */,
			);
		};
/* End PBXProject section */

/* Begin PBXResourcesBuildPhase section */
		AECBA3D72EACC8FA00F00AB4 /* Resources */ = {
			isa = PBXResourcesBuildPhase;
			buildActionMask = 2147483647;
			files = (
			);
			runOnlyForDeploymentPostprocessing = 0;
		};
		AECBA3E42EACC8FC00F00AB4 /* Resources */ = {
			isa = PBXResourcesBuildPhase;
			buildActionMask = 2147483647;
			files = (
			);
			runOnlyForDeploymentPostprocessing = 0;
		};
		AECBA3EE2EACC8FC00F00AB4 /* Resources */ = {
			isa = PBXResourcesBuildPhase;
			buildActionMask = 2147483647;
			files = (
			);
			runOnlyForDeploymentPostprocessing = 0;
		};
/* End PBXResourcesBuildPhase section */

/* Begin PBXSourcesBuildPhase section */
		AECBA3D52EACC8FA00F00AB4 /* Sources */ = {
			isa = PBXSourcesBuildPhase;
			buildActionMask = 2147483647;
			files = (
			);
			runOnlyForDeploymentPostprocessing = 0;
		};
		AECBA3E22EACC8FC00F00AB4 /* Sources */ = {
			isa = PBXSourcesBuildPhase;
			buildActionMask = 2147483647;
			files = (
			);
			runOnlyForDeploymentPostprocessing = 0;
		};
		AECBA3EC2EACC8FC00F00AB4 /* Sources */ = {
			isa = PBXSourcesBuildPhase;
			buildActionMask = 2147483647;
			files = (
			);
			runOnlyForDeploymentPostprocessing = 0;
		};
/* End PBXSourcesBuildPhase section */

/* Begin PBXTargetDependency section */
		AECBA3E82EACC8FC00F00AB4 /* PBXTargetDependency */ = {
			isa = PBXTargetDependency;
			target = AECBA3D82EACC8FA00F00AB4 /* reminiscer */;
			targetProxy = AECBA3E72EACC8FC00F00AB4 /* PBXContainerItemProxy */;
		};
		AECBA3F22EACC8FC00F00AB4 /* PBXTargetDependency */ = {
			isa = PBXTargetDependency;
			target = AECBA3D82EACC8FA00F00AB4 /* reminiscer */;
			targetProxy = AECBA3F12EACC8FC00F00AB4 /* PBXContainerItemProxy */;
		};
/* End PBXTargetDependency section */

/* Begin XCBuildConfiguration section */
		AECBA3F82EACC8FC00F00AB4 /* Debug */ = {
			isa = XCBuildConfiguration;
			buildSettings = {
				ALWAYS_SEARCH_USER_PATHS = NO;
				ASSETCATALOG_COMPILER_GENERATE_SWIFT_ASSET_SYMBOL_EXTENSIONS = YES;
				CLANG_ANALYZER_NONNULL = YES;
				CLANG_ANALYZER_NUMBER_OBJECT_CONVERSION = YES_AGGRESSIVE;
				CLANG_CXX_LANGUAGE_STANDARD = "gnu++20";
				CLANG_ENABLE_MODULES = YES;
				CLANG_ENABLE_OBJC_ARC = YES;
				CLANG_ENABLE_OBJC_WEAK = YES;
				CLANG_WARN_BLOCK_CAPTURE_AUTORELEASING = YES;
				CLANG_WARN_BOOL_CONVERSION = YES;
				CLANG_WARN_COMMA = YES;
				CLANG_WARN_CONSTANT_CONVERSION = YES;
				CLANG_WARN_DEPRECATED_OBJC_IMPLEMENTATIONS = YES;
				CLANG_WARN_DIRECT_OBJC_ISA_USAGE = YES_ERROR;
				CLANG_WARN_DOCUMENTATION_COMMENTS = YES;
				CLANG_WARN_EMPTY_BODY = YES;
				CLANG_WARN_ENUM_CONVERSION = YES;
				CLANG_WARN_INFINITE_RECURSION = YES;
				CLANG_WARN_INT_CONVERSION = YES;
				CLANG_WARN_NON_LITERAL_NULL_CONVERSION = YES;
				CLANG_WARN_OBJC_IMPLICIT_RETAIN_SELF = YES;
				CLANG_WARN_OBJC_LITERAL_CONVERSION = YES;
				CLANG_WARN_OBJC_ROOT_CLASS = YES_ERROR;
				CLANG_WARN_QUOTED_INCLUDE_IN_FRAMEWORK_HEADER = YES;
				CLANG_WARN_RANGE_LOOP_ANALYSIS = YES;
				CLANG_WARN_STRICT_PROTOTYPES = YES;
				CLANG_WARN_SUSPICIOUS_MOVE = YES;
				CLANG_WARN_UNGUARDED_AVAILABILITY = YES_AGGRESSIVE;
				CLANG_WARN_UNREACHABLE_CODE = YES;
				CLANG_WARN__DUPLICATE_METHOD_MATCH = YES;
				COPY_PHASE_STRIP = NO;
				DEBUG_INFORMATION_FORMAT = dwarf;
				DEVELOPMENT_TEAM = FJN3TG72Z7;
				ENABLE_STRICT_OBJC_MSGSEND = YES;
				ENABLE_TESTABILITY = YES;
				ENABLE_USER_SCRIPT_SANDBOXING = YES;
				GCC_C_LANGUAGE_STANDARD = gnu17;
				GCC_DYNAMIC_NO_PIC = NO;
				GCC_NO_COMMON_BLOCKS = YES;
				GCC_OPTIMIZATION_LEVEL = 0;
				GCC_PREPROCESSOR_DEFINITIONS = (
					"DEBUG=1",
					"$(inherited)",
				);
				GCC_WARN_64_TO_32_BIT_CONVERSION = YES;
				GCC_WARN_ABOUT_RETURN_TYPE = YES_ERROR;
				GCC_WARN_UNDECLARED_SELECTOR = YES;
				GCC_WARN_UNINITIALIZED_AUTOS = YES_AGGRESSIVE;
				GCC_WARN_UNUSED_FUNCTION = YES;
				GCC_WARN_UNUSED_VARIABLE = YES;
				IPHONEOS_DEPLOYMENT_TARGET = 26.0;
				LOCALIZATION_PREFERS_STRING_CATALOGS = YES;
				MTL_ENABLE_DEBUG_INFO = INCLUDE_SOURCE;
				MTL_FAST_MATH = YES;
				ONLY_ACTIVE_ARCH = YES;
				SDKROOT = iphoneos;
				SWIFT_ACTIVE_COMPILATION_CONDITIONS = "DEBUG $(inherited)";
				SWIFT_OPTIMIZATION_LEVEL = "-Onone";
			};
			name = Debug;
		};
		AECBA3F92EACC8FC00F00AB4 /* Release */ = {
			isa = XCBuildConfiguration;
			buildSettings = {
				ALWAYS_SEARCH_USER_PATHS = NO;
				ASSETCATALOG_COMPILER_GENERATE_SWIFT_ASSET_SYMBOL_EXTENSIONS = YES;
				CLANG_ANALYZER_NONNULL = YES;
				CLANG_ANALYZER_NUMBER_OBJECT_CONVERSION = YES_AGGRESSIVE;
				CLANG_CXX_LANGUAGE_STANDARD = "gnu++20";
				CLANG_ENABLE_MODULES = YES;
				CLANG_ENABLE_OBJC_ARC = YES;
				CLANG_ENABLE_OBJC_WEAK = YES;
				CLANG_WARN_BLOCK_CAPTURE_AUTORELEASING = YES;
				CLANG_WARN_BOOL_CONVERSION = YES;
				CLANG_WARN_COMMA = YES;
				CLANG_WARN_CONSTANT_CONVERSION = YES;
				CLANG_WARN_DEPRECATED_OBJC_IMPLEMENTATIONS = YES;
				CLANG_WARN_DIRECT_OBJC_ISA_USAGE = YES_ERROR;
				CLANG_WARN_DOCUMENTATION_COMMENTS = YES;
				CLANG_WARN_EMPTY_BODY = YES;
				CLANG_WARN_ENUM_CONVERSION = YES;
				CLANG_WARN_INFINITE_RECURSION = YES;
				CLANG_WARN_INT_CONVERSION = YES;
				CLANG_WARN_NON_LITERAL_NULL_CONVERSION = YES;
				CLANG_WARN_OBJC_IMPLICIT_RETAIN_SELF = YES;
				CLANG_WARN_OBJC_LITERAL_CONVERSION = YES;
				CLANG_WARN_OBJC_ROOT_CLASS = YES_ERROR;
				CLANG_WARN_QUOTED_INCLUDE_IN_FRAMEWORK_HEADER = YES;
				CLANG_WARN_RANGE_LOOP_ANALYSIS = YES;
				CLANG_WARN_STRICT_PROTOTYPES = YES;
				CLANG_WARN_SUSPICIOUS_MOVE = YES;
				CLANG_WARN_UNGUARDED_AVAILABILITY = YES_AGGRESSIVE;
				CLANG_WARN_UNREACHABLE_CODE = YES;
				CLANG_WARN__DUPLICATE_METHOD_MATCH = YES;
				COPY_PHASE_STRIP = NO;
				DEBUG_INFORMATION_FORMAT = "dwarf-with-dsym";
				DEVELOPMENT_TEAM = FJN3TG72Z7;
				ENABLE_NS_ASSERTIONS = NO;
				ENABLE_STRICT_OBJC_MSGSEND = YES;
				ENABLE_USER_SCRIPT_SANDBOXING = YES;
				GCC_C_LANGUAGE_STANDARD = gnu17;
				GCC_NO_COMMON_BLOCKS = YES;
				GCC_WARN_64_TO_32_BIT_CONVERSION = YES;
				GCC_WARN_ABOUT_RETURN_TYPE = YES_ERROR;
				GCC_WARN_UNDECLARED_SELECTOR = YES;
				GCC_WARN_UNINITIALIZED_AUTOS = YES_AGGRESSIVE;
				GCC_WARN_UNUSED_FUNCTION = YES;
				GCC_WARN_UNUSED_VARIABLE = YES;
				IPHONEOS_DEPLOYMENT_TARGET = 26.0;
				LOCALIZATION_PREFERS_STRING_CATALOGS = YES;
				MTL_ENABLE_DEBUG_INFO = NO;
				MTL_FAST_MATH = YES;
				SDKROOT = iphoneos;
				SWIFT_COMPILATION_MODE = wholemodule;
				VALIDATE_PRODUCT = YES;
			};
			name = Release;
		};
		AECBA3FB2EACC8FC00F00AB4 /* Debug */ = {
			isa = XCBuildConfiguration;
			buildSettings = {
				ASSETCATALOG_COMPILER_APPICON_NAME = AppIcon;
				ASSETCATALOG_COMPILER_GLOBAL_ACCENT_COLOR_NAME = AccentColor;
				CODE_SIGN_STYLE = Automatic;
				CURRENT_PROJECT_VERSION = 1;
				DEVELOPMENT_TEAM = FJN3TG72Z7;
				ENABLE_PREVIEWS = YES;
				GENERATE_INFOPLIST_FILE = YES;
				INFOPLIST_KEY_UIApplicationSceneManifest_Generation = YES;
				INFOPLIST_KEY_UIApplicationSupportsIndirectInputEvents = YES;
				INFOPLIST_KEY_UILaunchScreen_Generation = YES;
				INFOPLIST_KEY_UISupportedInterfaceOrientations_iPad = "UIInterfaceOrientationPortrait UIInterfaceOrientationPortraitUpsideDown UIInterfaceOrientationLandscapeLeft UIInterfaceOrientationLandscapeRight";
				INFOPLIST_KEY_UISupportedInterfaceOrientations_iPhone = "UIInterfaceOrientationPortrait UIInterfaceOrientationLandscapeLeft UIInterfaceOrientationLandscapeRight";
				LD_RUNPATH_SEARCH_PATHS = (
					"$(inherited)",
					"@executable_path/Frameworks",
				);
				MARKETING_VERSION = 1.0;
				PRODUCT_BUNDLE_IDENTIFIER = jamoowen.reminiscer;
				PRODUCT_NAME = "$(TARGET_NAME)";
				STRING_CATALOG_GENERATE_SYMBOLS = YES;
				SWIFT_APPROACHABLE_CONCURRENCY = YES;
				SWIFT_DEFAULT_ACTOR_ISOLATION = MainActor;
				SWIFT_EMIT_LOC_STRINGS = YES;
				SWIFT_UPCOMING_FEATURE_MEMBER_IMPORT_VISIBILITY = YES;
				SWIFT_VERSION = 5.0;
				TARGETED_DEVICE_FAMILY = "1,2";
			};
			name = Debug;
		};
		AECBA3FC2EACC8FC00F00AB4 /* Release */ = {
			isa = XCBuildConfiguration;
			buildSettings = {
				ASSETCATALOG_COMPILER_APPICON_NAME = AppIcon;
				ASSETCATALOG_COMPILER_GLOBAL_ACCENT_COLOR_NAME = AccentColor;
				CODE_SIGN_STYLE = Automatic;
				CURRENT_PROJECT_VERSION = 1;
				DEVELOPMENT_TEAM = FJN3TG72Z7;
				ENABLE_PREVIEWS = YES;
				GENERATE_INFOPLIST_FILE = YES;
				INFOPLIST_KEY_UIApplicationSceneManifest_Generation = YES;
				INFOPLIST_KEY_UIApplicationSupportsIndirectInputEvents = YES;
				INFOPLIST_KEY_UILaunchScreen_Generation = YES;
				INFOPLIST_KEY_UISupportedInterfaceOrientations_iPad = "UIInterfaceOrientationPortrait UIInterfaceOrientationPortraitUpsideDown UIInterfaceOrientationLandscapeLeft UIInterfaceOrientationLandscapeRight";
				INFOPLIST_KEY_UISupportedInterfaceOrientations_iPhone = "UIInterfaceOrientationPortrait UIInterfaceOrientationLandscapeLeft UIInterfaceOrientationLandscapeRight";
				LD_RUNPATH_SEARCH_PATHS = (
					"$(inherited)",
					"@executable_path/Frameworks",
				);
				MARKETING_VERSION = 1.0;
				PRODUCT_BUNDLE_IDENTIFIER = jamoowen.reminiscer;
				PRODUCT_NAME = "$(TARGET_NAME)";
				STRING_CATALOG_GENERATE_SYMBOLS = YES;
				SWIFT_APPROACHABLE_CONCURRENCY = YES;
				SWIFT_DEFAULT_ACTOR_ISOLATION = MainActor;
				SWIFT_EMIT_LOC_STRINGS = YES;
				SWIFT_UPCOMING_FEATURE_MEMBER_IMPORT_VISIBILITY = YES;
				SWIFT_VERSION = 5.0;
				TARGETED_DEVICE_FAMILY = "1,2";
			};
			name = Release;
		};
		AECBA3FE2EACC8FC00F00AB4 /* Debug */ = {
			isa = XCBuildConfiguration;
			buildSettings = {
				BUNDLE_LOADER = "$(TEST_HOST)";
				CODE_SIGN_STYLE = Automatic;
				CURRENT_PROJECT_VERSION = 1;
				DEVELOPMENT_TEAM = FJN3TG72Z7;
				GENERATE_INFOPLIST_FILE = YES;
				IPHONEOS_DEPLOYMENT_TARGET = 26.0;
				MARKETING_VERSION = 1.0;
				PRODUCT_BUNDLE_IDENTIFIER = jamoowen.reminiscerTests;
				PRODUCT_NAME = "$(TARGET_NAME)";
				STRING_CATALOG_GENERATE_SYMBOLS = NO;
				SWIFT_APPROACHABLE_CONCURRENCY = YES;
				SWIFT_EMIT_LOC_STRINGS = NO;
				SWIFT_UPCOMING_FEATURE_MEMBER_IMPORT_VISIBILITY = YES;
				SWIFT_VERSION = 5.0;
				TARGETED_DEVICE_FAMILY = "1,2";
				TEST_HOST = "$(BUILT_PRODUCTS_DIR)/reminiscer.app/$(BUNDLE_EXECUTABLE_FOLDER_PATH)/reminiscer";
			};
			name = Debug;
		};
		AECBA3FF2EACC8FC00F00AB4 /* Release */ = {
			isa = XCBuildConfiguration;
			buildSettings = {
				BUNDLE_LOADER = "$(TEST_HOST)";
				CODE_SIGN_STYLE = Automatic;
				CURRENT_PROJECT_VERSION = 1;
				DEVELOPMENT_TEAM = FJN3TG72Z7;
				GENERATE_INFOPLIST_FILE = YES;
				IPHONEOS_DEPLOYMENT_TARGET = 26.0;
				MARKETING_VERSION = 1.0;
				PRODUCT_BUNDLE_IDENTIFIER = jamoowen.reminiscerTests;
				PRODUCT_NAME = "$(TARGET_NAME)";
				STRING_CATALOG_GENERATE_SYMBOLS = NO;
				SWIFT_APPROACHABLE_CONCURRENCY = YES;
				SWIFT_EMIT_LOC_STRINGS = NO;
				SWIFT_UPCOMING_FEATURE_MEMBER_IMPORT_VISIBILITY = YES;
				SWIFT_VERSION = 5.0;
				TARGETED_DEVICE_FAMILY = "1,2";
				TEST_HOST = "$(BUILT_PRODUCTS_DIR)/reminiscer.app/$(BUNDLE_EXECUTABLE_FOLDER_PATH)/reminiscer";
			};
			name = Release;
		};
		AECBA4012EACC8FC00F00AB4 /* Debug */ = {
			isa = XCBuildConfiguration;
			buildSettings = {
				CODE_SIGN_STYLE = Automatic;
				CURRENT_PROJECT_VERSION = 1;
				DEVELOPMENT_TEAM = FJN3TG72Z7;
				GENERATE_INFOPLIST_FILE = YES;
				MARKETING_VERSION = 1.0;
				PRODUCT_BUNDLE_IDENTIFIER = jamoowen.reminiscerUITests;
				PRODUCT_NAME = "$(TARGET_NAME)";
				STRING_CATALOG_GENERATE_SYMBOLS = NO;
				SWIFT_APPROACHABLE_CONCURRENCY = YES;
				SWIFT_EMIT_LOC_STRINGS = NO;
				SWIFT_UPCOMING_FEATURE_MEMBER_IMPORT_VISIBILITY = YES;
				SWIFT_VERSION = 5.0;
				TARGETED_DEVICE_FAMILY = "1,2";
				TEST_TARGET_NAME = reminiscer;
			};
			name = Debug;
		};
		AECBA4022EACC8FC00F00AB4 /* Release */ = {
			isa = XCBuildConfiguration;
			buildSettings = {
				CODE_SIGN_STYLE = Automatic;
				CURRENT_PROJECT_VERSION = 1;
				DEVELOPMENT_TEAM = FJN3TG72Z7;
				GENERATE_INFOPLIST_FILE = YES;
				MARKETING_VERSION = 1.0;
				PRODUCT_BUNDLE_IDENTIFIER = jamoowen.reminiscerUITests;
				PRODUCT_NAME = "$(TARGET_NAME)";
				STRING_CATALOG_GENERATE_SYMBOLS = NO;
				SWIFT_APPROACHABLE_CONCURRENCY = YES;
				SWIFT_EMIT_LOC_STRINGS = NO;
				SWIFT_UPCOMING_FEATURE_MEMBER_IMPORT_VISIBILITY = YES;
				SWIFT_VERSION = 5.0;
				TARGETED_DEVICE_FAMILY = "1,2";
				TEST_TARGET_NAME = reminiscer;
			};
			name = Release;
		};
/* End XCBuildConfiguration section */

/* Begin XCConfigurationList section */
		AECBA3D42EACC8FA00F00AB4 /* Build configuration list for PBXProject "reminiscer" */ = {
			isa = XCConfigurationList;
			buildConfigurations = (
				AECBA3F82EACC8FC00F00AB4 /* Debug */,
				AECBA3F92EACC8FC00F00AB4 /* Release */,
			);
			defaultConfigurationIsVisible = 0;
			defaultConfigurationName = Release;
		};
		AECBA3FA2EACC8FC00F00AB4 /* Build configuration list for PBXNativeTarget "reminiscer" */ = {
			isa = XCConfigurationList;
			buildConfigurations = (
				AECBA3FB2EACC8FC00F00AB4 /* Debug */,
				AECBA3FC2EACC8FC00F00AB4 /* Release */,
			);
			defaultConfigurationIsVisible = 0;
			defaultConfigurationName = Release;
		};
		AECBA3FD2EACC8FC00F00AB4 /* Build configuration list for PBXNativeTarget "reminiscerTests" */ = {
			isa = XCConfigurationList;
			buildConfigurations = (
				AECBA3FE2EACC8FC00F00AB4 /* Debug */,
				AECBA3FF2EACC8FC00F00AB4 /* Release */,
			);
			defaultConfigurationIsVisible = 0;
			defaultConfigurationName = Release;
		};
		AECBA4002EACC8FC00F00AB4 /* Build configuration list for PBXNativeTarget "reminiscerUITests" */ = {
			isa = XCConfigurationList;
			buildConfigurations = (
				AECBA4012EACC8FC00F00AB4 /* Debug */,
				AECBA4022EACC8FC00F00AB4 /* Release */,
			);
			defaultConfigurationIsVisible = 0;
			defaultConfigurationName = Release;
		};
/* End XCConfigurationList section */
	};
	rootObject = AECBA3D12EACC8FA00F00AB4 /* Project object */;
}
